{
  "name": "synapse-package-test",
  "version": "1.0.0",
  "lockfileVersion": 3,
  "requires": true,
  "packages": {
    "": {
      "name": "synapse-package-test",
      "version": "1.0.0",
      "license": "ISC",
      "dependencies": {
        "@snps/cli": "^2.0.7",
        "@snps/commit-lint-rust": "^0.2.0",
        "@snps/commit-lint-rust-linux-x64-gnu": "^0.2.1",
        "@snps/core": "^0.3.0",
        "@snps/env-parser-rust": "^0.2.0",
        "@snps/http-client-rust": "^0.2.0",
        "@snps/linting": "^0.3.1",
        "@snps/plugins": "^0.3.1",
        "@snps/router": "^0.3.0",
        "@snps/rule-engine-rust": "^0.2.0",
        "@snps/state": "^0.3.1",
        "@snps/testing": "^0.3.1",
        "@snps/ui": "^0.6.1"
      }
    },
    "node_modules/@snps/cli": {
      "version": "2.0.7",
      "resolved": "https://registry.npmjs.org/@snps/cli/-/cli-2.0.7.tgz",
      "integrity": "sha512-x/uzRJrZ/EihDU646QyEx8fp/EHmaFs6M9+orAVQbqNL3xEXRSLBvV6BFqjzV3taEOmK+Wk978pml2cr8FmO1A==",
      "license": "MIT",
      "bin": {
        "synapse": "dist/index.js"
      },
      "engines": {
        "node": ">=18.0.0"
      }
    },
    "node_modules/@snps/commit-lint-rust": {
      "version": "0.2.0",
      "resolved": "https://registry.npmjs.org/@snps/commit-lint-rust/-/commit-lint-rust-0.2.0.tgz",
      "integrity": "sha512-mKtQR6NGnH83ki6sarn/kThh4Cn9mh1edD9KT3H7RL7n30JLgtZwY/4H3P9QqdIPEg7WCexKio8mFwaqL5wynQ==",
      "license": "MIT",
      "bin": {
        "commit-lint": "bin/commit-lint"
      },
      "engines": {
        "node": ">=18.0.0"
      },
      "optionalDependencies": {
        "@snps/commit-lint-rust-darwin-arm64": "0.2.0",
        "@snps/commit-lint-rust-darwin-x64": "0.2.0",
        "@snps/commit-lint-rust-linux-arm-gnueabihf": "0.2.0",
        "@snps/commit-lint-rust-linux-arm64-gnu": "0.2.0",
        "@snps/commit-lint-rust-linux-x64-gnu": "0.2.0",
        "@snps/commit-lint-rust-linux-x64-musl": "0.2.0",
        "@snps/commit-lint-rust-win32-x64-msvc": "0.2.0"
      }
    },
    "node_modules/@snps/commit-lint-rust-linux-x64-gnu": {
      "version": "0.2.1",
      "resolved": "https://registry.npmjs.org/@snps/commit-lint-rust-linux-x64-gnu/-/commit-lint-rust-linux-x64-gnu-0.2.1.tgz",
      "integrity": "sha512-XTO1oqVmzURm8mka/4q9LxjVxDHtMR+u9Bs3kpJpy2Xmz0l9y6h5CmNRN4vYhdbX8oXFPANXXjGBQrw3eU5S/A==",
      "cpu": [
        "x64"
      ],
      "license": "MIT",
      "os": [
        "linux"
      ],
      "engines": {
        "node": ">= 10"
      }
    },
    "node_modules/@snps/commit-lint-rust/node_modules/@snps/commit-lint-rust-linux-x64-gnu": {
      "version": "0.2.0",
      "resolved": "https://registry.npmjs.org/@snps/commit-lint-rust-linux-x64-gnu/-/commit-lint-rust-linux-x64-gnu-0.2.0.tgz",
      "integrity": "sha512-Re6r5poA3ZiWt8/d8IRLY1hVTgk1+Fze+jFT1Qfy8pw/3UFav+Y/Q14BG0izidvOvWWqMf523ZxUz8Gn7dfF/w==",
      "cpu": [
        "x64"
      ],
      "license": "MIT",
      "optional": true,
      "os": [
        "linux"
      ],
      "engines": {
        "node": ">= 10"
      }
    },
    "node_modules/@snps/core": {
      "version": "0.3.0",
      "resolved": "https://registry.npmjs.org/@snps/core/-/core-0.3.0.tgz",
      "integrity": "sha512-uvy5hKHb6OJS7fZ7kgGIDa0lNY3tmScoJ+L5S6Y7SgyaP3skhxDN+IeYHGQl2STHDvUE49BfeBBjgyJrrtasuQ==",
      "license": "MIT",
      "engines": {
        "node": ">=18.0.0"
      }
    },
    "node_modules/@snps/env-parser-rust": {
      "version": "0.2.0",
      "resolved": "https://registry.npmjs.org/@snps/env-parser-rust/-/env-parser-rust-0.2.0.tgz",
      "integrity": "sha512-7upER+Gvpec5czlVxye9G2MXZqxZqa40c4oqQVMYLZBx+9WVVpcZqOahqKvq+TtfZzdFDmr0M/wZWxNFws6rmQ==",
      "license": "MIT",
      "engines": {
        "node": ">=18.0.0"
      },
      "optionalDependencies": {
        "@snps/env-parser-rust-darwin-arm64": "0.2.0",
        "@snps/env-parser-rust-darwin-x64": "0.2.0",
        "@snps/env-parser-rust-linux-arm-gnueabihf": "0.2.0",
        "@snps/env-parser-rust-linux-arm64-gnu": "0.2.0",
        "@snps/env-parser-rust-linux-x64-gnu": "0.2.0",
        "@snps/env-parser-rust-linux-x64-musl": "0.2.0",
        "@snps/env-parser-rust-win32-x64-msvc": "0.2.0"
      }
    },
    "node_modules/@snps/env-parser-rust-linux-x64-gnu": {
      "version": "0.2.0",
      "resolved": "https://registry.npmjs.org/@snps/env-parser-rust-linux-x64-gnu/-/env-parser-rust-linux-x64-gnu-0.2.0.tgz",
      "integrity": "sha512-ekzqvKDwxY1vW9PTNeksagqSYdH9/Mten5ir12nKnlNObe+9vBNKxFvZkZX2u0dH8TWQY6TsnSTnUSF20mHaRg==",
      "cpu": [
        "x64"
      ],
      "license": "MIT",
      "optional": true,
      "os": [
        "linux"
      ],
      "engines": {
        "node": ">= 10"
      }
    },
    "node_modules/@snps/http-client-rust": {
      "version": "0.2.0",
      "resolved": "https://registry.npmjs.org/@snps/http-client-rust/-/http-client-rust-0.2.0.tgz",
      "integrity": "sha512-Isnw1vefJWzAg3+dmvrO11/dK5E8z5EjUGMrZfsxhqtJTFF/faVdgQbWtcr0lCwQYcebHzwSVP1z8WmRLo7rCA==",
      "license": "MIT",
      "engines": {
        "node": ">=18.0.0"
      },
      "optionalDependencies": {
        "@snps/http-client-rust-darwin-arm64": "0.2.0",
        "@snps/http-client-rust-darwin-x64": "0.2.0",
        "@snps/http-client-rust-linux-arm-gnueabihf": "0.2.0",
        "@snps/http-client-rust-linux-arm64-gnu": "0.2.0",
        "@snps/http-client-rust-linux-x64-gnu": "0.2.0",
        "@snps/http-client-rust-linux-x64-musl": "0.2.0",
        "@snps/http-client-rust-win32-x64-msvc": "0.2.0"
      }
    },
    "node_modules/@snps/http-client-rust-linux-x64-gnu": {
      "version": "0.2.0",
      "resolved": "https://registry.npmjs.org/@snps/http-client-rust-linux-x64-gnu/-/http-client-rust-linux-x64-gnu-0.2.0.tgz",
      "integrity": "sha512-XadX5QEpLhlLKemFH/bZcFHU7AqWR31CwBVUWYKLp2OQ9x7GgcnyNfrIeNeETKTfUQ1LE2QVPurMJQF15pCaaA==",
      "cpu": [
        "x64"
      ],
      "license": "MIT",
      "optional": true,
      "os": [
        "linux"
      ],
      "engines": {
        "node": ">= 10"
      }
    },
    "node_modules/@snps/linting": {
      "version": "0.3.1",
      "resolved": "https://registry.npmjs.org/@snps/linting/-/linting-0.3.1.tgz",
      "integrity": "sha512-RRPH3715qj7Y0EimzKbI/cC3fQUndlQH+v9GNgWzeFctMc1T88hWul7XQveR01hOTlWxNglh6FxJXxz9omKo5Q==",
      "license": "MIT",
      "engines": {
        "node": ">=18.0.0"
      }
    },
    "node_modules/@snps/plugins": {
      "version": "0.3.1",
      "resolved": "https://registry.npmjs.org/@snps/plugins/-/plugins-0.3.1.tgz",
      "integrity": "sha512-AdylBfHgOOsAkUg5IaD4Hoq745Z+d5ubtPVRhGIqstG/Hr/2TfXJzfryZubPE25tygsduIuEg8i2VLrieOZuuQ==",
      "license": "MIT",
      "engines": {
        "node": ">=18.0.0"
      }
    },
    "node_modules/@snps/router": {
      "version": "0.3.0",
      "resolved": "https://registry.npmjs.org/@snps/router/-/router-0.3.0.tgz",
      "integrity": "sha512-H6Q2W0W8uViH2pgBi/vXSLp1TSLL3egWbo7UbLSBb4D7kSQj7h9y08wxATCx21KTyAyoAsZCStoqZ1fcBwn4bA==",
      "license": "MIT",
      "engines": {
        "node": ">=18.0.0"
      }
    },
    "node_modules/@snps/rule-engine-rust": {
      "version": "0.2.0",
      "resolved": "https://registry.npmjs.org/@snps/rule-engine-rust/-/rule-engine-rust-0.2.0.tgz",
      "integrity": "sha512-4yuYe9Fotv0NsTK7Mp6qCOJQ30j9pSos0OELA8Kx6fwyWbuwRY/W4hFCUz9eBctgwUwPwJ0Tov8LDBA7D9g1EA==",
      "license": "MIT",
      "bin": {
        "rule-engine": "bin/rule-engine"
      },
      "engines": {
        "node": ">=18.0.0"
      },
      "optionalDependencies": {
        "@snps/rule-engine-rust-darwin-arm64": "0.2.0",
        "@snps/rule-engine-rust-darwin-x64": "0.2.0",
        "@snps/rule-engine-rust-linux-arm-gnueabihf": "0.2.0",
        "@snps/rule-engine-rust-linux-arm64-gnu": "0.2.0",
        "@snps/rule-engine-rust-linux-x64-gnu": "0.2.0",
        "@snps/rule-engine-rust-linux-x64-musl": "0.2.0",
        "@snps/rule-engine-rust-win32-x64-msvc": "0.2.0"
      }
    },
    "node_modules/@snps/rule-engine-rust-linux-x64-gnu": {
      "version": "0.2.0",
      "resolved": "https://registry.npmjs.org/@snps/rule-engine-rust-linux-x64-gnu/-/rule-engine-rust-linux-x64-gnu-0.2.0.tgz",
      "integrity": "sha512-Q3bKhEPuZqx3cmDR9sdcEQjY05c92fwKf055TjomzzqGrtlFh32rTCiXkwwaMfR7VxB/gvW/37KpM6QqsxpnGg==",
      "cpu": [
        "x64"
      ],
      "license": "MIT",
      "optional": true,
      "os": [
        "linux"
      ],
      "engines": {
        "node": ">= 10"
      }
    },
    "node_modules/@snps/state": {
      "version": "0.3.1",
      "resolved": "https://registry.npmjs.org/@snps/state/-/state-0.3.1.tgz",
      "integrity": "sha512-f7fIdZ/NJ1D3j+16Vgj8o7NHBFT8M2P9NIcrHlH/6pH8CtLMjVJE2pqMdG1KK6Ji7VaXwwhjzv/3+DqLzyHVhA==",
      "license": "MIT",
      "engines": {
        "node": ">=18.0.0"
      }
    },
    "node_modules/@snps/testing": {
      "version": "0.3.1",
      "resolved": "https://registry.npmjs.org/@snps/testing/-/testing-0.3.1.tgz",
      "integrity": "sha512-Swy27GzRHz3VqKyKiKp8nnp4jiw7mDHETjy/cikb3vKPTEahpzjdVDWl2lA0vywq/ugUA30leI35L7I13lOKnQ==",
      "license": "MIT",
      "engines": {
        "node": ">=18.0.0"
      }
    },
    "node_modules/@snps/ui": {
      "version": "0.6.1",
      "resolved": "https://registry.npmjs.org/@snps/ui/-/ui-0.6.1.tgz",
      "integrity": "sha512-GW0thmPzxKXMyQVFE99PoxuDzVWawJFWosoRH3D1E2GXqkHlDA6Wt8gil/D2KaTYZlToF1PCFkifXWvAX7C5Hg==",
      "license": "MIT",
      "dependencies": {
        "@snps/core": "^0.3.0"
      },
      "peerDependencies": {
        "react": ">=18.0.0",
        "react-dom": ">=18.0.0"
      }
    },
    "node_modules/react": {
      "version": "19.2.0",
      "resolved": "https://registry.npmjs.org/react/-/react-19.2.0.tgz",
      "integrity": "sha512-tmbWg6W31tQLeB5cdIBOicJDJRR2KzXsV7uSK9iNfLWQ5bIZfxuPEHp7M8wiHyHnn0DD1i7w3Zmin0FtkrwoCQ==",
      "license": "MIT",
      "peer": true,
      "engines": {
        "node": ">=0.10.0"
      }
    },
    "node_modules/react-dom": {
      "version": "19.2.0",
      "resolved": "https://registry.npmjs.org/react-dom/-/react-dom-19.2.0.tgz",
      "integrity": "sha512-UlbRu4cAiGaIewkPyiRGJk0imDN2T3JjieT6spoL2UeSf5od4n5LB/mQ4ejmxhCFT1tYe8IvaFulzynWovsEFQ==",
      "license": "MIT",
      "peer": true,
      "dependencies": {
        "scheduler": "^0.27.0"
      },
      "peerDependencies": {
        "react": "^19.2.0"
      }
    },
    "node_modules/scheduler": {
      "version": "0.27.0",
      "resolved": "https://registry.npmjs.org/scheduler/-/scheduler-0.27.0.tgz",
      "integrity": "sha512-eNv+WrVbKu1f3vbYJT/xtiF5syA5HPIMtf9IgY/nKg0sWqzAUEvqY/xm7OcZc/qafLx/iO9FgOmeSAp4v5ti/Q==",
      "license": "MIT",
      "peer": true
    }
  }
}
