{
  "name": "@snps/env-parser-rust",
  "version": "0.2.1",
  "lockfileVersion": 3,
  "requires": true,
  "packages": {
    "": {
      "name": "@snps/env-parser-rust",
      "version": "0.2.1",
      "license": "MIT",
      "devDependencies": {
        "@napi-rs/cli": "^2.18.0"
      },
      "engines": {
        "node": ">=18.0.0"
      },
      "optionalDependencies": {
        "@snps/env-parser-rust-darwin-arm64": "0.2.1",
        "@snps/env-parser-rust-darwin-x64": "0.2.1",
        "@snps/env-parser-rust-linux-arm-gnueabihf": "0.2.1",
        "@snps/env-parser-rust-linux-arm64-gnu": "0.2.1",
        "@snps/env-parser-rust-linux-x64-gnu": "0.2.1",
        "@snps/env-parser-rust-linux-x64-musl": "0.2.1",
        "@snps/env-parser-rust-win32-x64-msvc": "0.2.1"
      }
    },
    "node_modules/@napi-rs/cli": {
      "version": "2.18.4",
      "resolved": "https://registry.npmjs.org/@napi-rs/cli/-/cli-2.18.4.tgz",
      "integrity": "sha512-SgJeA4df9DE2iAEpr3M2H0OKl/yjtg1BnRI5/JyowS71tUWhrfSu2LT0V3vlHET+g1hBVlrO60PmEXwUEKp8Mg==",
      "dev": true,
      "license": "MIT",
      "bin": {
        "napi": "scripts/index.js"
      },
      "engines": {
        "node": ">= 10"
      },
      "funding": {
        "type": "github",
        "url": "https://github.com/sponsors/Brooooooklyn"
      }
    },
    "node_modules/@snps/env-parser-rust-linux-x64-gnu": {
      "version": "0.2.1",
      "resolved": "https://registry.npmjs.org/@snps/env-parser-rust-linux-x64-gnu/-/env-parser-rust-linux-x64-gnu-0.2.1.tgz",
      "integrity": "sha512-WBiIsJ+rdQdUighfSWv8dYR/kfuNFAeWgPFF8vepLsuHLulytKxV5Mx91x+0mjy15gf48iIlbbtNoKaZdhYMSA==",
      "cpu": [
        "x64"
      ],
      "license": "MIT",
      "optional": true,
      "os": [
        "linux"
      ],
      "engines": {
        "node": ">= 10"
      }
    }
  }
}
